
Microsoft Visual Studio Solution File, Format Version 12.00
# Visual Studio Version 16
VisualStudioVersion = 16.0.32901.82
MinimumVisualStudioVersion = 10.0.40219.1
Project("{FAE04EC0-301F-11D3-BF4B-00C04F79EFBC}") = "UserMaintenance", "UserMaintenance.csproj", "{5CD101DD-23D3-4CCE-A987-7FF06BEDF7A5}"
EndProject
Global
	GlobalSection(SolutionConfigurationPlatforms) = preSolution
		Debug|Any CPU = Debug|Any CPU
		Release|Any CPU = Release|Any CPU
	EndGlobalSection
	GlobalSection(ProjectConfigurationPlatforms) = postSolution
		{5CD101DD-23D3-4CCE-A987-7FF06BEDF7A5}.Debug|Any CPU.ActiveCfg = Debug|Any CPU
		{5CD101DD-23D3-4CCE-A987-7FF06BEDF7A5}.Debug|Any CPU.Build.0 = Debug|Any CPU
		{5CD101DD-23D3-4CCE-A987-7FF06BEDF7A5}.Release|Any CPU.ActiveCfg = Release|Any CPU
		{5CD101DD-23D3-4CCE-A987-7FF06BEDF7A5}.Release|Any CPU.Build.0 = Release|Any CPU
	EndGlobalSection
	GlobalSection(SolutionProperties) = preSolution
		HideSolutionNode = FALSE
	EndGlobalSection
	GlobalSection(ExtensibilityGlobals) = postSolution
		SolutionGuid = {B9EAA85C-43C7-42F4-9443-8777025EF3B6}
	EndGlobalSection
EndGlobal
